
Microsoft Visual Studio Solution File, Format Version 12.00
# Visual Studio Version 17
VisualStudioVersion = 17.6.33829.357
MinimumVisualStudioVersion = 10.0.40219.1
Project("{FAE04EC0-301F-11D3-BF4B-00C04F79EFBC}") = "WinForms.FullStack", "WinForms.FullStack\WinForms.FullStack.csproj", "{C47B3489-8ECD-40FE-A677-AD0A20A646AE}"
EndProject
Project("{FAE04EC0-301F-11D3-BF4B-00C04F79EFBC}") = "WinForms.NotDefteri", "WinForms.NotDefteri\WinForms.NotDefteri.csproj", "{67FD5446-9C33-4F35-9AED-3453600D389E}"
EndProject
Global
	GlobalSection(SolutionConfigurationPlatforms) = preSolution
		Debug|Any CPU = Debug|Any CPU
		Release|Any CPU = Release|Any CPU
	EndGlobalSection
	GlobalSection(ProjectConfigurationPlatforms) = postSolution
		{C47B3489-8ECD-40FE-A677-AD0A20A646AE}.Debug|Any CPU.ActiveCfg = Debug|Any CPU
		{C47B3489-8ECD-40FE-A677-AD0A20A646AE}.Debug|Any CPU.Build.0 = Debug|Any CPU
		{C47B3489-8ECD-40FE-A677-AD0A20A646AE}.Release|Any CPU.ActiveCfg = Release|Any CPU
		{C47B3489-8ECD-40FE-A677-AD0A20A646AE}.Release|Any CPU.Build.0 = Release|Any CPU
		{67FD5446-9C33-4F35-9AED-3453600D389E}.Debug|Any CPU.ActiveCfg = Debug|Any CPU
		{67FD5446-9C33-4F35-9AED-3453600D389E}.Debug|Any CPU.Build.0 = Debug|Any CPU
		{67FD5446-9C33-4F35-9AED-3453600D389E}.Release|Any CPU.ActiveCfg = Release|Any CPU
		{67FD5446-9C33-4F35-9AED-3453600D389E}.Release|Any CPU.Build.0 = Release|Any CPU
	EndGlobalSection
	GlobalSection(SolutionProperties) = preSolution
		HideSolutionNode = FALSE
	EndGlobalSection
	GlobalSection(ExtensibilityGlobals) = postSolution
		SolutionGuid = {EA7830EF-0FD7-47FE-AE20-F0216CB61236}
	EndGlobalSection
EndGlobal
